<?xml version="1.0" encoding="utf-8"?>
<Project ToolsVersion="4.0" xmlns="http://schemas.microsoft.com/developer/msbuild/2003">
  <ItemGroup>
    <Filter Include="Magnum">
      <UniqueIdentifier>{8AE491C2-7686-BC98-5F41-D0EC4B8243E9}</UniqueIdentifier>
    </Filter>
  </ItemGroup>
  <ItemGroup>
    <ClInclude Include="src\Magnum.h" />
    <ClInclude Include="src\Magnum\Application.h">
      <Filter>Magnum</Filter>
    </ClInclude>
    <ClInclude Include="src\Magnum\Core.h">
      <Filter>Magnum</Filter>
    </ClInclude>
    <ClInclude Include="src\Magnum\EntryPoint.h">
      <Filter>Magnum</Filter>
    </ClInclude>
    <ClInclude Include="src\Magnum\Log.h">
      <Filter>Magnum</Filter>
    </ClInclude>
  </ItemGroup>
  <ItemGroup>
    <ClCompile Include="src\Magnum\Application.cpp">
      <Filter>Magnum</Filter>
    </ClCompile>
    <ClCompile Include="src\Magnum\Log.cpp">
      <Filter>Magnum</Filter>
    </ClCompile>
  </ItemGroup>
</Project>